
Microsoft Visual Studio Solution File, Format Version 12.00
# Visual Studio Version 16
VisualStudioVersion = 16.0.29911.84
MinimumVisualStudioVersion = 10.0.40219.1
Project("{FAE04EC0-301F-11D3-BF4B-00C04F79EFBC}") = "OBETools", "OBETools\OBETools.csproj", "{24DD0F2E-B738-43B1-89F5-FCEC271CF019}"
EndProject
Global
	GlobalSection(SolutionConfigurationPlatforms) = preSolution
		Debug|Any CPU = Debug|Any CPU
		Release|Any CPU = Release|Any CPU
	EndGlobalSection
	GlobalSection(ProjectConfigurationPlatforms) = postSolution
		{24DD0F2E-B738-43B1-89F5-FCEC271CF019}.Debug|Any CPU.ActiveCfg = Debug|Any CPU
		{24DD0F2E-B738-43B1-89F5-FCEC271CF019}.Debug|Any CPU.Build.0 = Debug|Any CPU
		{24DD0F2E-B738-43B1-89F5-FCEC271CF019}.Release|Any CPU.ActiveCfg = Release|Any CPU
		{24DD0F2E-B738-43B1-89F5-FCEC271CF019}.Release|Any CPU.Build.0 = Release|Any CPU
	EndGlobalSection
	GlobalSection(SolutionProperties) = preSolution
		HideSolutionNode = FALSE
	EndGlobalSection
	GlobalSection(ExtensibilityGlobals) = postSolution
		SolutionGuid = {C82CC4FF-A879-4537-9489-C3901C71A8C3}
	EndGlobalSection
EndGlobal
