
Microsoft Visual Studio Solution File, Format Version 12.00
# Visual Studio Version 16
VisualStudioVersion = 16.0.29926.136
MinimumVisualStudioVersion = 10.0.40219.1
Project("{FAE04EC0-301F-11D3-BF4B-00C04F79EFBC}") = "OBETools", "OBETools\OBETools.csproj", "{D2868928-77A4-458F-9F9A-077A3AD48782}"
EndProject
Global
	GlobalSection(SolutionConfigurationPlatforms) = preSolution
		Debug|Any CPU = Debug|Any CPU
		Release|Any CPU = Release|Any CPU
	EndGlobalSection
	GlobalSection(ProjectConfigurationPlatforms) = postSolution
		{D2868928-77A4-458F-9F9A-077A3AD48782}.Debug|Any CPU.ActiveCfg = Debug|Any CPU
		{D2868928-77A4-458F-9F9A-077A3AD48782}.Debug|Any CPU.Build.0 = Debug|Any CPU
		{D2868928-77A4-458F-9F9A-077A3AD48782}.Release|Any CPU.ActiveCfg = Release|Any CPU
		{D2868928-77A4-458F-9F9A-077A3AD48782}.Release|Any CPU.Build.0 = Release|Any CPU
	EndGlobalSection
	GlobalSection(SolutionProperties) = preSolution
		HideSolutionNode = FALSE
	EndGlobalSection
	GlobalSection(ExtensibilityGlobals) = postSolution
		SolutionGuid = {C3B9F84C-B048-4B0A-A319-B030724822A0}
	EndGlobalSection
EndGlobal
